
Microsoft Visual Studio Solution File, Format Version 12.00
# Visual Studio Version 16
VisualStudioVersion = 16.0.29609.76
MinimumVisualStudioVersion = 10.0.40219.1
Project("{8BC9CEB8-8B4A-11D0-8D11-00A0C91BC942}") = "KINO", "KINO\KINO.vcxproj", "{94349C31-0CAD-454E-AF80-3A242CB98472}"
EndProject
Global
	GlobalSection(SolutionConfigurationPlatforms) = preSolution
		Debug|x64 = Debug|x64
		Debug|x86 = Debug|x86
		Release|x64 = Release|x64
		Release|x86 = Release|x86
	EndGlobalSection
	GlobalSection(ProjectConfigurationPlatforms) = postSolution
		{94349C31-0CAD-454E-AF80-3A242CB98472}.Debug|x64.ActiveCfg = Debug|x64
		{94349C31-0CAD-454E-AF80-3A242CB98472}.Debug|x64.Build.0 = Debug|x64
		{94349C31-0CAD-454E-AF80-3A242CB98472}.Debug|x86.ActiveCfg = Debug|Win32
		{94349C31-0CAD-454E-AF80-3A242CB98472}.Debug|x86.Build.0 = Debug|Win32
		{94349C31-0CAD-454E-AF80-3A242CB98472}.Release|x64.ActiveCfg = Release|x64
		{94349C31-0CAD-454E-AF80-3A242CB98472}.Release|x64.Build.0 = Release|x64
		{94349C31-0CAD-454E-AF80-3A242CB98472}.Release|x86.ActiveCfg = Release|Win32
		{94349C31-0CAD-454E-AF80-3A242CB98472}.Release|x86.Build.0 = Release|Win32
	EndGlobalSection
	GlobalSection(SolutionProperties) = preSolution
		HideSolutionNode = FALSE
	EndGlobalSection
	GlobalSection(ExtensibilityGlobals) = postSolution
		SolutionGuid = {F8296353-F4F1-44DC-B1BB-93C418477B26}
	EndGlobalSection
EndGlobal
